// !$*UTF8*$!
{
	archiveVersion = 1;
	classes = {
	};
	objectVersion = 46;
	objects = {

/* Begin PBXBuildFile section */
		A31782812059316200CF2018 /* File.swift in Sources */ = {isa = PBXBuildFile; fileRef = A31782802059316200CF2018 /* File.swift */; };
		A34719B4204E7843009B244C /* InformationController.swift in Sources */ = {isa = PBXBuildFile; fileRef = A34719B3204E7843009B244C /* InformationController.swift */; };
		A34D08BD204696F4007C2D74 /* written-conversation-speech-bubble-with-letter-i-inside-of-information-for-interface.png in Resources */ = {isa = PBXBuildFile; fileRef = A34D08BC204696F4007C2D74 /* written-conversation-speech-bubble-with-letter-i-inside-of-information-for-interface.png */; };
		A34D08C520469BB7007C2D74 /* DataModel.xcdatamodeld in Sources */ = {isa = PBXBuildFile; fileRef = A34D08C320469BB7007C2D74 /* DataModel.xcdatamodeld */; };
		A373F37720527A0C0075D343 /* pilluleController.swift in Sources */ = {isa = PBXBuildFile; fileRef = A373F37620527A0C0075D343 /* pilluleController.swift */; };
		FB115F312056F16E00FCB804 /* AgendaViewController.swift in Sources */ = {isa = PBXBuildFile; fileRef = FB115F302056F16E00FCB804 /* AgendaViewController.swift */; };
		FB115F342056F2FC00FCB804 /* AgendaTableViewCell.swift in Sources */ = {isa = PBXBuildFile; fileRef = FB115F332056F2FC00FCB804 /* AgendaTableViewCell.swift */; };
		FB2F89AA20504D9800C383C0 /* PersistenceService.swift in Sources */ = {isa = PBXBuildFile; fileRef = FB2F89A920504D9700C383C0 /* PersistenceService.swift */; };
		FB3D98AA20406B4C0081E461 /* quality.png in Resources */ = {isa = PBXBuildFile; fileRef = FB3D98A920406B4C0081E461 /* quality.png */; };
		FB97FC142057B81C0007D1F6 /* AccueilTableViewCell.swift in Sources */ = {isa = PBXBuildFile; fileRef = FB97FC132057B81C0007D1F6 /* AccueilTableViewCell.swift */; };
		FBD8B6CF20401AE6004B01B4 /* AppDelegate.swift in Sources */ = {isa = PBXBuildFile; fileRef = FBD8B6CE20401AE6004B01B4 /* AppDelegate.swift */; };
		FBD8B6D120401AE6004B01B4 /* ViewController.swift in Sources */ = {isa = PBXBuildFile; fileRef = FBD8B6D020401AE6004B01B4 /* ViewController.swift */; };
		FBD8B6D420401AE6004B01B4 /* Main.storyboard in Resources */ = {isa = PBXBuildFile; fileRef = FBD8B6D220401AE6004B01B4 /* Main.storyboard */; };
		FBD8B6D620401AE6004B01B4 /* Assets.xcassets in Resources */ = {isa = PBXBuildFile; fileRef = FBD8B6D520401AE6004B01B4 /* Assets.xcassets */; };
		FBD8B6D920401AE6004B01B4 /* LaunchScreen.storyboard in Resources */ = {isa = PBXBuildFile; fileRef = FBD8B6D720401AE6004B01B4 /* LaunchScreen.storyboard */; };
		FBD8B6E420401AE6004B01B4 /* Mon_PK_et_moiTests.swift in Sources */ = {isa = PBXBuildFile; fileRef = FBD8B6E320401AE6004B01B4 /* Mon_PK_et_moiTests.swift */; };
		FBD8B6EF20401AE6004B01B4 /* Mon_PK_et_moiUITests.swift in Sources */ = {isa = PBXBuildFile; fileRef = FBD8B6EE20401AE6004B01B4 /* Mon_PK_et_moiUITests.swift */; };
		FBD8B6FE20401D25004B01B4 /* antibiotic.png in Resources */ = {isa = PBXBuildFile; fileRef = FBD8B6FD20401D25004B01B4 /* antibiotic.png */; };
		FBE023DE205A57330066E8A6 /* EnregistrerSymptomeViewController.swift in Sources */ = {isa = PBXBuildFile; fileRef = FBE023DD205A57330066E8A6 /* EnregistrerSymptomeViewController.swift */; };
/* End PBXBuildFile section */

/* Begin PBXContainerItemProxy section */
		FBD8B6E020401AE6004B01B4 /* PBXContainerItemProxy */ = {
			isa = PBXContainerItemProxy;
			containerPortal = FBD8B6C320401AE5004B01B4 /* Project object */;
			proxyType = 1;
			remoteGlobalIDString = FBD8B6CA20401AE6004B01B4;
			remoteInfo = Mon_PK_et_moi;
		};
		FBD8B6EB20401AE6004B01B4 /* PBXContainerItemProxy */ = {
			isa = PBXContainerItemProxy;
			containerPortal = FBD8B6C320401AE5004B01B4 /* Project object */;
			proxyType = 1;
			remoteGlobalIDString = FBD8B6CA20401AE6004B01B4;
			remoteInfo = Mon_PK_et_moi;
		};
/* End PBXContainerItemProxy section */

/* Begin PBXFileReference section */
		A31782802059316200CF2018 /* File.swift */ = {isa = PBXFileReference; fileEncoding = 4; lastKnownFileType = sourcecode.swift; name = File.swift; path = Mon_PK_et_moi/File.swift; sourceTree = "<group>"; };
		A34719B3204E7843009B244C /* InformationController.swift */ = {isa = PBXFileReference; fileEncoding = 4; lastKnownFileType = sourcecode.swift; path = InformationController.swift; sourceTree = "<group>"; };
		A34D08BC204696F4007C2D74 /* written-conversation-speech-bubble-with-letter-i-inside-of-information-for-interface.png */ = {isa = PBXFileReference; lastKnownFileType = image.png; name = "written-conversation-speech-bubble-with-letter-i-inside-of-information-for-interface.png"; path = "img/written-conversation-speech-bubble-with-letter-i-inside-of-information-for-interface.png"; sourceTree = SOURCE_ROOT; };
		A34D08C420469BB7007C2D74 /* Datamodel.xcdatamodel */ = {isa = PBXFileReference; lastKnownFileType = wrapper.xcdatamodel; path = Datamodel.xcdatamodel; sourceTree = "<group>"; };
		A373F37620527A0C0075D343 /* pilluleController.swift */ = {isa = PBXFileReference; fileEncoding = 4; lastKnownFileType = sourcecode.swift; path = pilluleController.swift; sourceTree = "<group>"; };
		FB115F302056F16E00FCB804 /* AgendaViewController.swift */ = {isa = PBXFileReference; fileEncoding = 4; lastKnownFileType = sourcecode.swift; path = AgendaViewController.swift; sourceTree = "<group>"; };
		FB115F332056F2FC00FCB804 /* AgendaTableViewCell.swift */ = {isa = PBXFileReference; fileEncoding = 4; lastKnownFileType = sourcecode.swift; path = AgendaTableViewCell.swift; sourceTree = "<group>"; };
		FB2F89A920504D9700C383C0 /* PersistenceService.swift */ = {isa = PBXFileReference; fileEncoding = 4; lastKnownFileType = sourcecode.swift; path = PersistenceService.swift; sourceTree = "<group>"; };
		FB3D98A920406B4C0081E461 /* quality.png */ = {isa = PBXFileReference; lastKnownFileType = image.png; name = quality.png; path = ../img/quality.png; sourceTree = "<group>"; };
		FB97FC132057B81C0007D1F6 /* AccueilTableViewCell.swift */ = {isa = PBXFileReference; fileEncoding = 4; lastKnownFileType = sourcecode.swift; path = AccueilTableViewCell.swift; sourceTree = "<group>"; };
		FBD8B6CB20401AE6004B01B4 /* Mon_PK_et_moi.app */ = {isa = PBXFileReference; explicitFileType = wrapper.application; includeInIndex = 0; path = Mon_PK_et_moi.app; sourceTree = BUILT_PRODUCTS_DIR; };
		FBD8B6CE20401AE6004B01B4 /* AppDelegate.swift */ = {isa = PBXFileReference; lastKnownFileType = sourcecode.swift; path = AppDelegate.swift; sourceTree = "<group>"; };
		FBD8B6D020401AE6004B01B4 /* ViewController.swift */ = {isa = PBXFileReference; lastKnownFileType = sourcecode.swift; path = ViewController.swift; sourceTree = "<group>"; };
		FBD8B6D320401AE6004B01B4 /* Base */ = {isa = PBXFileReference; lastKnownFileType = file.storyboard; name = Base; path = Base.lproj/Main.storyboard; sourceTree = "<group>"; };
		FBD8B6D520401AE6004B01B4 /* Assets.xcassets */ = {isa = PBXFileReference; lastKnownFileType = folder.assetcatalog; path = Assets.xcassets; sourceTree = "<group>"; };
		FBD8B6D820401AE6004B01B4 /* Base */ = {isa = PBXFileReference; lastKnownFileType = file.storyboard; name = Base; path = Base.lproj/LaunchScreen.storyboard; sourceTree = "<group>"; };
		FBD8B6DA20401AE6004B01B4 /* Info.plist */ = {isa = PBXFileReference; lastKnownFileType = text.plist.xml; path = Info.plist; sourceTree = "<group>"; };
		FBD8B6DF20401AE6004B01B4 /* Mon_PK_et_moiTests.xctest */ = {isa = PBXFileReference; explicitFileType = wrapper.cfbundle; includeInIndex = 0; path = Mon_PK_et_moiTests.xctest; sourceTree = BUILT_PRODUCTS_DIR; };
		FBD8B6E320401AE6004B01B4 /* Mon_PK_et_moiTests.swift */ = {isa = PBXFileReference; lastKnownFileType = sourcecode.swift; path = Mon_PK_et_moiTests.swift; sourceTree = "<group>"; };
		FBD8B6E520401AE6004B01B4 /* Info.plist */ = {isa = PBXFileReference; lastKnownFileType = text.plist.xml; path = Info.plist; sourceTree = "<group>"; };
		FBD8B6EA20401AE6004B01B4 /* Mon_PK_et_moiUITests.xctest */ = {isa = PBXFileReference; explicitFileType = wrapper.cfbundle; includeInIndex = 0; path = Mon_PK_et_moiUITests.xctest; sourceTree = BUILT_PRODUCTS_DIR; };
		FBD8B6EE20401AE6004B01B4 /* Mon_PK_et_moiUITests.swift */ = {isa = PBXFileReference; lastKnownFileType = sourcecode.swift; path = Mon_PK_et_moiUITests.swift; sourceTree = "<group>"; };
		FBD8B6F020401AE6004B01B4 /* Info.plist */ = {isa = PBXFileReference; lastKnownFileType = text.plist.xml; path = Info.plist; sourceTree = "<group>"; };
		FBD8B6FD20401D25004B01B4 /* antibiotic.png */ = {isa = PBXFileReference; lastKnownFileType = image.png; name = antibiotic.png; path = ../img/antibiotic.png; sourceTree = "<group>"; };
		FBE023DD205A57330066E8A6 /* EnregistrerSymptomeViewController.swift */ = {isa = PBXFileReference; fileEncoding = 4; lastKnownFileType = sourcecode.swift; path = EnregistrerSymptomeViewController.swift; sourceTree = "<group>"; };
/* End PBXFileReference section */

/* Begin PBXFrameworksBuildPhase section */
		FBD8B6C820401AE6004B01B4 /* Frameworks */ = {
			isa = PBXFrameworksBuildPhase;
			buildActionMask = 2147483647;
			files = (
			);
			runOnlyForDeploymentPostprocessing = 0;
		};
		FBD8B6DC20401AE6004B01B4 /* Frameworks */ = {
			isa = PBXFrameworksBuildPhase;
			buildActionMask = 2147483647;
			files = (
			);
			runOnlyForDeploymentPostprocessing = 0;
		};
		FBD8B6E720401AE6004B01B4 /* Frameworks */ = {
			isa = PBXFrameworksBuildPhase;
			buildActionMask = 2147483647;
			files = (
			);
			runOnlyForDeploymentPostprocessing = 0;
		};
/* End PBXFrameworksBuildPhase section */

/* Begin PBXGroup section */
		FB115F2E2056F0FF00FCB804 /* Views */ = {
			isa = PBXGroup;
			children = (
				FB115F2F2056F11100FCB804 /* ViewControllers */,
				FB115F322056F2BF00FCB804 /* TableViewCells */,
			);
			name = Views;
			sourceTree = "<group>";
		};
		FB115F2F2056F11100FCB804 /* ViewControllers */ = {
			isa = PBXGroup;
			children = (
				FBD8B6D020401AE6004B01B4 /* ViewController.swift */,
				A34719B3204E7843009B244C /* InformationController.swift */,
				A373F37620527A0C0075D343 /* pilluleController.swift */,
				FB115F302056F16E00FCB804 /* AgendaViewController.swift */,
				FBE023DD205A57330066E8A6 /* EnregistrerSymptomeViewController.swift */,
			);
			name = ViewControllers;
			sourceTree = "<group>";
		};
		FB115F322056F2BF00FCB804 /* TableViewCells */ = {
			isa = PBXGroup;
			children = (
				FB97FC132057B81C0007D1F6 /* AccueilTableViewCell.swift */,
				FB115F332056F2FC00FCB804 /* AgendaTableViewCell.swift */,
			);
			name = TableViewCells;
			sourceTree = "<group>";
		};
		FBD8B6C220401AE5004B01B4 = {
			isa = PBXGroup;
			children = (
				A31782802059316200CF2018 /* File.swift */,
				FBD8B6CD20401AE6004B01B4 /* Mon_PK_et_moi */,
				FBD8B6E220401AE6004B01B4 /* Mon_PK_et_moiTests */,
				FBD8B6ED20401AE6004B01B4 /* Mon_PK_et_moiUITests */,
				FBD8B6CC20401AE6004B01B4 /* Products */,
			);
			sourceTree = "<group>";
		};
		FBD8B6CC20401AE6004B01B4 /* Products */ = {
			isa = PBXGroup;
			children = (
				FBD8B6CB20401AE6004B01B4 /* Mon_PK_et_moi.app */,
				FBD8B6DF20401AE6004B01B4 /* Mon_PK_et_moiTests.xctest */,
				FBD8B6EA20401AE6004B01B4 /* Mon_PK_et_moiUITests.xctest */,
			);
			name = Products;
			sourceTree = "<group>";
		};
		FBD8B6CD20401AE6004B01B4 /* Mon_PK_et_moi */ = {
			isa = PBXGroup;
			children = (
				FBD8B6FC20401CCF004B01B4 /* img */,
				FB115F2E2056F0FF00FCB804 /* Views */,
				FBD8B6CE20401AE6004B01B4 /* AppDelegate.swift */,
				FB2F89A920504D9700C383C0 /* PersistenceService.swift */,
				FBD8B6D220401AE6004B01B4 /* Main.storyboard */,
				FBD8B6D520401AE6004B01B4 /* Assets.xcassets */,
				FBD8B6D720401AE6004B01B4 /* LaunchScreen.storyboard */,
				FBD8B6DA20401AE6004B01B4 /* Info.plist */,
				A34D08C320469BB7007C2D74 /* DataModel.xcdatamodeld */,
			);
			path = Mon_PK_et_moi;
			sourceTree = "<group>";
		};
		FBD8B6E220401AE6004B01B4 /* Mon_PK_et_moiTests */ = {
			isa = PBXGroup;
			children = (
				FBD8B6E320401AE6004B01B4 /* Mon_PK_et_moiTests.swift */,
				FBD8B6E520401AE6004B01B4 /* Info.plist */,
			);
			path = Mon_PK_et_moiTests;
			sourceTree = "<group>";
		};
		FBD8B6ED20401AE6004B01B4 /* Mon_PK_et_moiUITests */ = {
			isa = PBXGroup;
			children = (
				FBD8B6EE20401AE6004B01B4 /* Mon_PK_et_moiUITests.swift */,
				FBD8B6F020401AE6004B01B4 /* Info.plist */,
			);
			path = Mon_PK_et_moiUITests;
			sourceTree = "<group>";
		};
		FBD8B6FC20401CCF004B01B4 /* img */ = {
			isa = PBXGroup;
			children = (
				A34D08BC204696F4007C2D74 /* written-conversation-speech-bubble-with-letter-i-inside-of-information-for-interface.png */,
				FB3D98A920406B4C0081E461 /* quality.png */,
				FBD8B6FD20401D25004B01B4 /* antibiotic.png */,
			);
			name = img;
			sourceTree = "<group>";
		};
/* End PBXGroup section */

/* Begin PBXNativeTarget section */
		FBD8B6CA20401AE6004B01B4 /* Mon_PK_et_moi */ = {
			isa = PBXNativeTarget;
			buildConfigurationList = FBD8B6F320401AE6004B01B4 /* Build configuration list for PBXNativeTarget "Mon_PK_et_moi" */;
			buildPhases = (
				FBD8B6C720401AE6004B01B4 /* Sources */,
				FBD8B6C820401AE6004B01B4 /* Frameworks */,
				FBD8B6C920401AE6004B01B4 /* Resources */,
			);
			buildRules = (
			);
			dependencies = (
			);
			name = Mon_PK_et_moi;
			productName = Mon_PK_et_moi;
			productReference = FBD8B6CB20401AE6004B01B4 /* Mon_PK_et_moi.app */;
			productType = "com.apple.product-type.application";
		};
		FBD8B6DE20401AE6004B01B4 /* Mon_PK_et_moiTests */ = {
			isa = PBXNativeTarget;
			buildConfigurationList = FBD8B6F620401AE6004B01B4 /* Build configuration list for PBXNativeTarget "Mon_PK_et_moiTests" */;
			buildPhases = (
				FBD8B6DB20401AE6004B01B4 /* Sources */,
				FBD8B6DC20401AE6004B01B4 /* Frameworks */,
				FBD8B6DD20401AE6004B01B4 /* Resources */,
			);
			buildRules = (
			);
			dependencies = (
				FBD8B6E120401AE6004B01B4 /* PBXTargetDependency */,
			);
			name = Mon_PK_et_moiTests;
			productName = Mon_PK_et_moiTests;
			productReference = FBD8B6DF20401AE6004B01B4 /* Mon_PK_et_moiTests.xctest */;
			productType = "com.apple.product-type.bundle.unit-test";
		};
		FBD8B6E920401AE6004B01B4 /* Mon_PK_et_moiUITests */ = {
			isa = PBXNativeTarget;
			buildConfigurationList = FBD8B6F920401AE6004B01B4 /* Build configuration list for PBXNativeTarget "Mon_PK_et_moiUITests" */;
			buildPhases = (
				FBD8B6E620401AE6004B01B4 /* Sources */,
				FBD8B6E720401AE6004B01B4 /* Frameworks */,
				FBD8B6E820401AE6004B01B4 /* Resources */,
			);
			buildRules = (
			);
			dependencies = (
				FBD8B6EC20401AE6004B01B4 /* PBXTargetDependency */,
			);
			name = Mon_PK_et_moiUITests;
			productName = Mon_PK_et_moiUITests;
			productReference = FBD8B6EA20401AE6004B01B4 /* Mon_PK_et_moiUITests.xctest */;
			productType = "com.apple.product-type.bundle.ui-testing";
		};
/* End PBXNativeTarget section */

/* Begin PBXProject section */
		FBD8B6C320401AE5004B01B4 /* Project object */ = {
			isa = PBXProject;
			attributes = {
				LastSwiftUpdateCheck = 0830;
				LastUpgradeCheck = 0830;
				ORGANIZATIONNAME = "FAIZA&LECLER";
				TargetAttributes = {
					FBD8B6CA20401AE6004B01B4 = {
						CreatedOnToolsVersion = 8.3.3;
						ProvisioningStyle = Automatic;
					};
					FBD8B6DE20401AE6004B01B4 = {
						CreatedOnToolsVersion = 8.3.3;
						ProvisioningStyle = Automatic;
						TestTargetID = FBD8B6CA20401AE6004B01B4;
					};
					FBD8B6E920401AE6004B01B4 = {
						CreatedOnToolsVersion = 8.3.3;
						ProvisioningStyle = Automatic;
						TestTargetID = FBD8B6CA20401AE6004B01B4;
					};
				};
			};
			buildConfigurationList = FBD8B6C620401AE5004B01B4 /* Build configuration list for PBXProject "Mon_PK_et_moi" */;
			compatibilityVersion = "Xcode 3.2";
			developmentRegion = English;
			hasScannedForEncodings = 0;
			knownRegions = (
				en,
				Base,
			);
			mainGroup = FBD8B6C220401AE5004B01B4;
			productRefGroup = FBD8B6CC20401AE6004B01B4 /* Products */;
			projectDirPath = "";
			projectRoot = "";
			targets = (
				FBD8B6CA20401AE6004B01B4 /* Mon_PK_et_moi */,
				FBD8B6DE20401AE6004B01B4 /* Mon_PK_et_moiTests */,
				FBD8B6E920401AE6004B01B4 /* Mon_PK_et_moiUITests */,
			);
		};
/* End PBXProject section */

/* Begin PBXResourcesBuildPhase section */
		FBD8B6C920401AE6004B01B4 /* Resources */ = {
			isa = PBXResourcesBuildPhase;
			buildActionMask = 2147483647;
			files = (
				FBD8B6D920401AE6004B01B4 /* LaunchScreen.storyboard in Resources */,
				FBD8B6D620401AE6004B01B4 /* Assets.xcassets in Resources */,
				A34D08BD204696F4007C2D74 /* written-conversation-speech-bubble-with-letter-i-inside-of-information-for-interface.png in Resources */,
				FBD8B6D420401AE6004B01B4 /* Main.storyboard in Resources */,
				FB3D98AA20406B4C0081E461 /* quality.png in Resources */,
				FBD8B6FE20401D25004B01B4 /* antibiotic.png in Resources */,
			);
			runOnlyForDeploymentPostprocessing = 0;
		};
		FBD8B6DD20401AE6004B01B4 /* Resources */ = {
			isa = PBXResourcesBuildPhase;
			buildActionMask = 2147483647;
			files = (
			);
			runOnlyForDeploymentPostprocessing = 0;
		};
		FBD8B6E820401AE6004B01B4 /* Resources */ = {
			isa = PBXResourcesBuildPhase;
			buildActionMask = 2147483647;
			files = (
			);
			runOnlyForDeploymentPostprocessing = 0;
		};
/* End PBXResourcesBuildPhase section */

/* Begin PBXSourcesBuildPhase section */
		FBD8B6C720401AE6004B01B4 /* Sources */ = {
			isa = PBXSourcesBuildPhase;
			buildActionMask = 2147483647;
			files = (
				FBE023DE205A57330066E8A6 /* EnregistrerSymptomeViewController.swift in Sources */,
				FBD8B6D120401AE6004B01B4 /* ViewController.swift in Sources */,
				FB2F89AA20504D9800C383C0 /* PersistenceService.swift in Sources */,
				A34D08C520469BB7007C2D74 /* DataModel.xcdatamodeld in Sources */,
				FBD8B6CF20401AE6004B01B4 /* AppDelegate.swift in Sources */,
				A373F37720527A0C0075D343 /* pilluleController.swift in Sources */,
				A31782812059316200CF2018 /* File.swift in Sources */,
				FB115F312056F16E00FCB804 /* AgendaViewController.swift in Sources */,
				A34719B4204E7843009B244C /* InformationController.swift in Sources */,
				FB115F342056F2FC00FCB804 /* AgendaTableViewCell.swift in Sources */,
				FB97FC142057B81C0007D1F6 /* AccueilTableViewCell.swift in Sources */,
			);
			runOnlyForDeploymentPostprocessing = 0;
		};
		FBD8B6DB20401AE6004B01B4 /* Sources */ = {
			isa = PBXSourcesBuildPhase;
			buildActionMask = 2147483647;
			files = (
				FBD8B6E420401AE6004B01B4 /* Mon_PK_et_moiTests.swift in Sources */,
			);
			runOnlyForDeploymentPostprocessing = 0;
		};
		FBD8B6E620401AE6004B01B4 /* Sources */ = {
			isa = PBXSourcesBuildPhase;
			buildActionMask = 2147483647;
			files = (
				FBD8B6EF20401AE6004B01B4 /* Mon_PK_et_moiUITests.swift in Sources */,
			);
			runOnlyForDeploymentPostprocessing = 0;
		};
/* End PBXSourcesBuildPhase section */

/* Begin PBXTargetDependency section */
		FBD8B6E120401AE6004B01B4 /* PBXTargetDependency */ = {
			isa = PBXTargetDependency;
			target = FBD8B6CA20401AE6004B01B4 /* Mon_PK_et_moi */;
			targetProxy = FBD8B6E020401AE6004B01B4 /* PBXContainerItemProxy */;
		};
		FBD8B6EC20401AE6004B01B4 /* PBXTargetDependency */ = {
			isa = PBXTargetDependency;
			target = FBD8B6CA20401AE6004B01B4 /* Mon_PK_et_moi */;
			targetProxy = FBD8B6EB20401AE6004B01B4 /* PBXContainerItemProxy */;
		};
/* End PBXTargetDependency section */

/* Begin PBXVariantGroup section */
		FBD8B6D220401AE6004B01B4 /* Main.storyboard */ = {
			isa = PBXVariantGroup;
			children = (
				FBD8B6D320401AE6004B01B4 /* Base */,
			);
			name = Main.storyboard;
			sourceTree = "<group>";
		};
		FBD8B6D720401AE6004B01B4 /* LaunchScreen.storyboard */ = {
			isa = PBXVariantGroup;
			children = (
				FBD8B6D820401AE6004B01B4 /* Base */,
			);
			name = LaunchScreen.storyboard;
			sourceTree = "<group>";
		};
/* End PBXVariantGroup section */

/* Begin XCBuildConfiguration section */
		FBD8B6F120401AE6004B01B4 /* Debug */ = {
			isa = XCBuildConfiguration;
			buildSettings = {
				ALWAYS_SEARCH_USER_PATHS = NO;
				CLANG_ANALYZER_NONNULL = YES;
				CLANG_ANALYZER_NUMBER_OBJECT_CONVERSION = YES_AGGRESSIVE;
				CLANG_CXX_LANGUAGE_STANDARD = "gnu++0x";
				CLANG_CXX_LIBRARY = "libc++";
				CLANG_ENABLE_MODULES = YES;
				CLANG_ENABLE_OBJC_ARC = YES;
				CLANG_WARN_BOOL_CONVERSION = YES;
				CLANG_WARN_CONSTANT_CONVERSION = YES;
				CLANG_WARN_DIRECT_OBJC_ISA_USAGE = YES_ERROR;
				CLANG_WARN_DOCUMENTATION_COMMENTS = YES;
				CLANG_WARN_EMPTY_BODY = YES;
				CLANG_WARN_ENUM_CONVERSION = YES;
				CLANG_WARN_INFINITE_RECURSION = YES;
				CLANG_WARN_INT_CONVERSION = YES;
				CLANG_WARN_OBJC_ROOT_CLASS = YES_ERROR;
				CLANG_WARN_SUSPICIOUS_MOVE = YES;
				CLANG_WARN_UNREACHABLE_CODE = YES;
				CLANG_WARN__DUPLICATE_METHOD_MATCH = YES;
				"CODE_SIGN_IDENTITY[sdk=iphoneos*]" = "iPhone Developer";
				COPY_PHASE_STRIP = NO;
				DEBUG_INFORMATION_FORMAT = dwarf;
				ENABLE_STRICT_OBJC_MSGSEND = YES;
				ENABLE_TESTABILITY = YES;
				GCC_C_LANGUAGE_STANDARD = gnu99;
				GCC_DYNAMIC_NO_PIC = NO;
				GCC_NO_COMMON_BLOCKS = YES;
				GCC_OPTIMIZATION_LEVEL = 0;
				GCC_PREPROCESSOR_DEFINITIONS = (
					"DEBUG=1",
					"$(inherited)",
				);
				GCC_WARN_64_TO_32_BIT_CONVERSION = YES;
				GCC_WARN_ABOUT_RETURN_TYPE = YES_ERROR;
				GCC_WARN_UNDECLARED_SELECTOR = YES;
				GCC_WARN_UNINITIALIZED_AUTOS = YES_AGGRESSIVE;
				GCC_WARN_UNUSED_FUNCTION = YES;
				GCC_WARN_UNUSED_VARIABLE = YES;
				IPHONEOS_DEPLOYMENT_TARGET = 10.3;
				MTL_ENABLE_DEBUG_INFO = YES;
				ONLY_ACTIVE_ARCH = YES;
				SDKROOT = iphoneos;
				SWIFT_ACTIVE_COMPILATION_CONDITIONS = DEBUG;
				SWIFT_OPTIMIZATION_LEVEL = "-Onone";
				TARGETED_DEVICE_FAMILY = "1,2";
			};
			name = Debug;
		};
		FBD8B6F220401AE6004B01B4 /* Release */ = {
			isa = XCBuildConfiguration;
			buildSettings = {
				ALWAYS_SEARCH_USER_PATHS = NO;
				CLANG_ANALYZER_NONNULL = YES;
				CLANG_ANALYZER_NUMBER_OBJECT_CONVERSION = YES_AGGRESSIVE;
				CLANG_CXX_LANGUAGE_STANDARD = "gnu++0x";
				CLANG_CXX_LIBRARY = "libc++";
				CLANG_ENABLE_MODULES = YES;
				CLANG_ENABLE_OBJC_ARC = YES;
				CLANG_WARN_BOOL_CONVERSION = YES;
				CLANG_WARN_CONSTANT_CONVERSION = YES;
				CLANG_WARN_DIRECT_OBJC_ISA_USAGE = YES_ERROR;
				CLANG_WARN_DOCUMENTATION_COMMENTS = YES;
				CLANG_WARN_EMPTY_BODY = YES;
				CLANG_WARN_ENUM_CONVERSION = YES;
				CLANG_WARN_INFINITE_RECURSION = YES;
				CLANG_WARN_INT_CONVERSION = YES;
				CLANG_WARN_OBJC_ROOT_CLASS = YES_ERROR;
				CLANG_WARN_SUSPICIOUS_MOVE = YES;
				CLANG_WARN_UNREACHABLE_CODE = YES;
				CLANG_WARN__DUPLICATE_METHOD_MATCH = YES;
				"CODE_SIGN_IDENTITY[sdk=iphoneos*]" = "iPhone Developer";
				COPY_PHASE_STRIP = NO;
				DEBUG_INFORMATION_FORMAT = "dwarf-with-dsym";
				ENABLE_NS_ASSERTIONS = NO;
				ENABLE_STRICT_OBJC_MSGSEND = YES;
				GCC_C_LANGUAGE_STANDARD = gnu99;
				GCC_NO_COMMON_BLOCKS = YES;
				GCC_WARN_64_TO_32_BIT_CONVERSION = YES;
				GCC_WARN_ABOUT_RETURN_TYPE = YES_ERROR;
				GCC_WARN_UNDECLARED_SELECTOR = YES;
				GCC_WARN_UNINITIALIZED_AUTOS = YES_AGGRESSIVE;
				GCC_WARN_UNUSED_FUNCTION = YES;
				GCC_WARN_UNUSED_VARIABLE = YES;
				IPHONEOS_DEPLOYMENT_TARGET = 10.3;
				MTL_ENABLE_DEBUG_INFO = NO;
				SDKROOT = iphoneos;
				SWIFT_OPTIMIZATION_LEVEL = "-Owholemodule";
				TARGETED_DEVICE_FAMILY = "1,2";
				VALIDATE_PRODUCT = YES;
			};
			name = Release;
		};
		FBD8B6F420401AE6004B01B4 /* Debug */ = {
			isa = XCBuildConfiguration;
			buildSettings = {
				ASSETCATALOG_COMPILER_APPICON_NAME = AppIcon;
				INFOPLIST_FILE = Mon_PK_et_moi/Info.plist;
				LD_RUNPATH_SEARCH_PATHS = "$(inherited) @executable_path/Frameworks";
				PRODUCT_BUNDLE_IDENTIFIER = "FAIZA-LECLER.Mon-PK-et-moi";
				PRODUCT_NAME = "$(TARGET_NAME)";
				SWIFT_VERSION = 3.0;
			};
			name = Debug;
		};
		FBD8B6F520401AE6004B01B4 /* Release */ = {
			isa = XCBuildConfiguration;
			buildSettings = {
				ASSETCATALOG_COMPILER_APPICON_NAME = AppIcon;
				INFOPLIST_FILE = Mon_PK_et_moi/Info.plist;
				LD_RUNPATH_SEARCH_PATHS = "$(inherited) @executable_path/Frameworks";
				PRODUCT_BUNDLE_IDENTIFIER = "FAIZA-LECLER.Mon-PK-et-moi";
				PRODUCT_NAME = "$(TARGET_NAME)";
				SWIFT_VERSION = 3.0;
			};
			name = Release;
		};
		FBD8B6F720401AE6004B01B4 /* Debug */ = {
			isa = XCBuildConfiguration;
			buildSettings = {
				ALWAYS_EMBED_SWIFT_STANDARD_LIBRARIES = YES;
				BUNDLE_LOADER = "$(TEST_HOST)";
				INFOPLIST_FILE = Mon_PK_et_moiTests/Info.plist;
				LD_RUNPATH_SEARCH_PATHS = "$(inherited) @executable_path/Frameworks @loader_path/Frameworks";
				PRODUCT_BUNDLE_IDENTIFIER = "FAIZA-LECLER.Mon-PK-et-moiTests";
				PRODUCT_NAME = "$(TARGET_NAME)";
				SWIFT_VERSION = 3.0;
				TEST_HOST = "$(BUILT_PRODUCTS_DIR)/Mon_PK_et_moi.app/Mon_PK_et_moi";
			};
			name = Debug;
		};
		FBD8B6F820401AE6004B01B4 /* Release */ = {
			isa = XCBuildConfiguration;
			buildSettings = {
				ALWAYS_EMBED_SWIFT_STANDARD_LIBRARIES = YES;
				BUNDLE_LOADER = "$(TEST_HOST)";
				INFOPLIST_FILE = Mon_PK_et_moiTests/Info.plist;
				LD_RUNPATH_SEARCH_PATHS = "$(inherited) @executable_path/Frameworks @loader_path/Frameworks";
				PRODUCT_BUNDLE_IDENTIFIER = "FAIZA-LECLER.Mon-PK-et-moiTests";
				PRODUCT_NAME = "$(TARGET_NAME)";
				SWIFT_VERSION = 3.0;
				TEST_HOST = "$(BUILT_PRODUCTS_DIR)/Mon_PK_et_moi.app/Mon_PK_et_moi";
			};
			name = Release;
		};
		FBD8B6FA20401AE6004B01B4 /* Debug */ = {
			isa = XCBuildConfiguration;
			buildSettings = {
				ALWAYS_EMBED_SWIFT_STANDARD_LIBRARIES = YES;
				INFOPLIST_FILE = Mon_PK_et_moiUITests/Info.plist;
				LD_RUNPATH_SEARCH_PATHS = "$(inherited) @executable_path/Frameworks @loader_path/Frameworks";
				PRODUCT_BUNDLE_IDENTIFIER = "FAIZA-LECLER.Mon-PK-et-moiUITests";
				PRODUCT_NAME = "$(TARGET_NAME)";
				SWIFT_VERSION = 3.0;
				TEST_TARGET_NAME = Mon_PK_et_moi;
			};
			name = Debug;
		};
		FBD8B6FB20401AE6004B01B4 /* Release */ = {
			isa = XCBuildConfiguration;
			buildSettings = {
				ALWAYS_EMBED_SWIFT_STANDARD_LIBRARIES = YES;
				INFOPLIST_FILE = Mon_PK_et_moiUITests/Info.plist;
				LD_RUNPATH_SEARCH_PATHS = "$(inherited) @executable_path/Frameworks @loader_path/Frameworks";
				PRODUCT_BUNDLE_IDENTIFIER = "FAIZA-LECLER.Mon-PK-et-moiUITests";
				PRODUCT_NAME = "$(TARGET_NAME)";
				SWIFT_VERSION = 3.0;
				TEST_TARGET_NAME = Mon_PK_et_moi;
			};
			name = Release;
		};
/* End XCBuildConfiguration section */

/* Begin XCConfigurationList section */
		FBD8B6C620401AE5004B01B4 /* Build configuration list for PBXProject "Mon_PK_et_moi" */ = {
			isa = XCConfigurationList;
			buildConfigurations = (
				FBD8B6F120401AE6004B01B4 /* Debug */,
				FBD8B6F220401AE6004B01B4 /* Release */,
			);
			defaultConfigurationIsVisible = 0;
			defaultConfigurationName = Release;
		};
		FBD8B6F320401AE6004B01B4 /* Build configuration list for PBXNativeTarget "Mon_PK_et_moi" */ = {
			isa = XCConfigurationList;
			buildConfigurations = (
				FBD8B6F420401AE6004B01B4 /* Debug */,
				FBD8B6F520401AE6004B01B4 /* Release */,
			);
			defaultConfigurationIsVisible = 0;
			defaultConfigurationName = Release;
		};
		FBD8B6F620401AE6004B01B4 /* Build configuration list for PBXNativeTarget "Mon_PK_et_moiTests" */ = {
			isa = XCConfigurationList;
			buildConfigurations = (
				FBD8B6F720401AE6004B01B4 /* Debug */,
				FBD8B6F820401AE6004B01B4 /* Release */,
			);
			defaultConfigurationIsVisible = 0;
			defaultConfigurationName = Release;
		};
		FBD8B6F920401AE6004B01B4 /* Build configuration list for PBXNativeTarget "Mon_PK_et_moiUITests" */ = {
			isa = XCConfigurationList;
			buildConfigurations = (
				FBD8B6FA20401AE6004B01B4 /* Debug */,
				FBD8B6FB20401AE6004B01B4 /* Release */,
			);
			defaultConfigurationIsVisible = 0;
			defaultConfigurationName = Release;
		};
/* End XCConfigurationList section */

/* Begin XCVersionGroup section */
		A34D08C320469BB7007C2D74 /* DataModel.xcdatamodeld */ = {
			isa = XCVersionGroup;
			children = (
				A34D08C420469BB7007C2D74 /* Datamodel.xcdatamodel */,
			);
			currentVersion = A34D08C420469BB7007C2D74 /* Datamodel.xcdatamodel */;
			path = DataModel.xcdatamodeld;
			sourceTree = "<group>";
			versionGroupType = wrapper.xcdatamodel;
		};
/* End XCVersionGroup section */
	};
	rootObject = FBD8B6C320401AE5004B01B4 /* Project object */;
}
